{
  "version": 4,
  "terraform_version": "1.6.4",
  "serial": 311,
  "lineage": "77283e77-e3a4-23cd-2e30-22de5ce62f15",
  "outputs": {},
  "resources": [
    {
      "mode": "data",
      "type": "yandex_vpc_subnet",
      "name": "default_a",
      "provider": "provider[\"registry.terraform.io/yandex-cloud/yandex\"]",
      "instances": [
        {
          "schema_version": 0,
          "attributes": {
            "created_at": "2023-11-10T11:32:48Z",
            "description": "Auto-created default subnet for zone ru-central1-a in default",
            "dhcp_options": [],
            "folder_id": "b1gmhu9tc3bld5appt8p",
            "id": "e9bl54du0503jlhui7ru",
            "labels": {},
            "name": "default-ru-central1-a",
            "network_id": "enp3igseerpd6ournhm2",
            "route_table_id": "",
            "subnet_id": "e9bl54du0503jlhui7ru",
            "v4_cidr_blocks": [
              "10.128.0.0/24"
            ],
            "v6_cidr_blocks": [],
            "zone": "ru-central1-a"
          },
          "sensitive_attributes": []
        }
      ]
    },
    {
      "mode": "managed",
      "type": "yandex_compute_instance",
      "name": "default",
      "provider": "provider[\"registry.terraform.io/yandex-cloud/yandex\"]",
      "instances": [
        {
          "schema_version": 1,
          "attributes": {
            "allow_recreate": null,
            "allow_stopping_for_update": true,
            "boot_disk": [
              {
                "auto_delete": true,
                "device_name": "fhmh7iqbfntebftnjbs8",
                "disk_id": "fhmh7iqbfntebftnjbs8",
                "initialize_params": [
                  {
                    "block_size": 4096,
                    "description": "",
                    "image_id": "fd8clogg1kull9084s9o",
                    "name": "",
                    "size": 50,
                    "snapshot_id": "",
                    "type": "network-hdd"
                  }
                ],
                "mode": "READ_WRITE"
              }
            ],
            "created_at": "2023-12-17T10:15:39Z",
            "description": "",
            "filesystem": [],
            "folder_id": "b1gmhu9tc3bld5appt8p",
            "fqdn": "fhmpgbb06lkgh7qjktga.auto.internal",
            "gpu_cluster_id": "",
            "hostname": "",
            "id": "fhmpgbb06lkgh7qjktga",
            "labels": null,
            "local_disk": [],
            "metadata": {
              "ssh-keys": "pavel:ssh-rsa AAAAB3NzaC1yc2EAAAADAQABAAABgQDOpqqJf/6QpiK/32Ef+qajIxd+bkz6JGqwrB7yWCJe9YfiHjT7ouu2lTkPlhTSDk4Blp7OaQ62PYJz4kKL9NdJEuE0/Uy5CQEewxFkKJue/xvUxSXllEkHqxdxEnnEz6glwNAkzbEwvn2CtMKyaXHCe/fxlZPZngMl6GCEm1dMLWmzenjsTLngiRlqm7tX30E+PUtQyaIFNRNuY0oebZGmWPwkbeww6BYcKoZsEbith56Lzbk5mlZnKfPqCIk/qak5P8/70PL59nDiIPj1kWvNQ19hEH4Ui7IYd3LYp3npd0V4Nsqu9OA4kCFIeneo13/CNmLW1KWLTLRn7tRvtjjBZfUvOOF/954XXyTOsilD5honNb6a2f+QujgVgK27T6B8iQxGHXkGkrSuXhcprNJ2zHqriST/P11pEgVEUuEV3Q04gBFLujAibp1MDCIpnfWy0tSZViJqj4NP9hmeE+fEAssnw2wwozJ8Hy5DaKhm9gYgBVXJHZf8sQw8MRLkhcM= pavel.laptop\n",
              "user-data": "#cloud-config\nusers:\n  - name: pavel\n    groups: sudo\n    shell: /bin/bash\n    sudo: 'ALL=(ALL) NOPASSWD:ALL'\n    ssh-authorized-keys:\n      - ssh-rsa AAAAB3NzaC1yc2EAAAADAQABAAABgQDOpqqJf/6QpiK/32Ef+qajIxd+bkz6JGqwrB7yWCJe9YfiHjT7ouu2lTkPlhTSDk4Blp7OaQ62PYJz4kKL9NdJEuE0/Uy5CQEewxFkKJue/xvUxSXllEkHqxdxEnnEz6glwNAkzbEwvn2CtMKyaXHCe/fxlZPZngMl6GCEm1dMLWmzenjsTLngiRlqm7tX30E+PUtQyaIFNRNuY0oebZGmWPwkbeww6BYcKoZsEbith56Lzbk5mlZnKfPqCIk/qak5P8/70PL59nDiIPj1kWvNQ19hEH4Ui7IYd3LYp3npd0V4Nsqu9OA4kCFIeneo13/CNmLW1KWLTLRn7tRvtjjBZfUvOOF/954XXyTOsilD5honNb6a2f+QujgVgK27T6B8iQxGHXkGkrSuXhcprNJ2zHqriST/P11pEgVEUuEV3Q04gBFLujAibp1MDCIpnfWy0tSZViJqj4NP9hmeE+fEAssnw2wwozJ8Hy5DaKhm9gYgBVXJHZf8sQw8MRLkhcM= pavel.laptop"
            },
            "metadata_options": [
              {
                "aws_v1_http_endpoint": 1,
                "aws_v1_http_token": 2,
                "gce_http_endpoint": 1,
                "gce_http_token": 1
              }
            ],
            "name": "test-2",
            "network_acceleration_type": "standard",
            "network_interface": [
              {
                "dns_record": [],
                "index": 0,
                "ip_address": "10.128.0.23",
                "ipv4": true,
                "ipv6": false,
                "ipv6_address": "",
                "ipv6_dns_record": [],
                "mac_address": "d0:0d:19:82:d6:03",
                "nat": true,
                "nat_dns_record": [],
                "nat_ip_address": "84.201.157.131",
                "nat_ip_version": "IPV4",
                "security_group_ids": [],
                "subnet_id": "e9bl54du0503jlhui7ru"
              }
            ],
            "placement_policy": [
              {
                "host_affinity_rules": [],
                "placement_group_id": ""
              }
            ],
            "platform_id": "standard-v3",
            "resources": [
              {
                "core_fraction": 100,
                "cores": 2,
                "gpus": 0,
                "memory": 4
              }
            ],
            "scheduling_policy": [
              {
                "preemptible": false
              }
            ],
            "secondary_disk": [],
            "service_account_id": "",
            "status": "running",
            "timeouts": null,
            "zone": "ru-central1-a"
          },
          "sensitive_attributes": [],
          "private": "eyJlMmJmYjczMC1lY2FhLTExZTYtOGY4OC0zNDM2M2JjN2M0YzAiOnsiY3JlYXRlIjozMDAwMDAwMDAwMDAsImRlbGV0ZSI6MzAwMDAwMDAwMDAwLCJ1cGRhdGUiOjMwMDAwMDAwMDAwMH0sInNjaGVtYV92ZXJzaW9uIjoiMSJ9",
          "dependencies": [
            "data.yandex_vpc_subnet.default_a"
          ]
        }
      ]
    }
  ],
  "check_results": null
}
